
Microsoft Visual Studio Solution File, Format Version 12.00
# Visual Studio Version 17
VisualStudioVersion = 17.13.35818.85 d17.13
MinimumVisualStudioVersion = 10.0.40219.1
Project("{FAE04EC0-301F-11D3-BF4B-00C04F79EFBC}") = "POS For Small Shop", "POS For Small Shop.csproj", "{261B09DE-0F8E-4ABE-AB04-8B1309F9B41F}"
EndProject
Global
	GlobalSection(SolutionConfigurationPlatforms) = preSolution
		Debug|ARM64 = Debug|ARM64
		Debug|x64 = Debug|x64
		Debug|x86 = Debug|x86
		Release|ARM64 = Release|ARM64
		Release|x64 = Release|x64
		Release|x86 = Release|x86
	EndGlobalSection
	GlobalSection(ProjectConfigurationPlatforms) = postSolution
		{261B09DE-0F8E-4ABE-AB04-8B1309F9B41F}.Debug|ARM64.ActiveCfg = Debug|ARM64
		{261B09DE-0F8E-4ABE-AB04-8B1309F9B41F}.Debug|ARM64.Build.0 = Debug|ARM64
		{261B09DE-0F8E-4ABE-AB04-8B1309F9B41F}.Debug|ARM64.Deploy.0 = Debug|ARM64
		{261B09DE-0F8E-4ABE-AB04-8B1309F9B41F}.Debug|x64.ActiveCfg = Debug|x64
		{261B09DE-0F8E-4ABE-AB04-8B1309F9B41F}.Debug|x64.Build.0 = Debug|x64
		{261B09DE-0F8E-4ABE-AB04-8B1309F9B41F}.Debug|x64.Deploy.0 = Debug|x64
		{261B09DE-0F8E-4ABE-AB04-8B1309F9B41F}.Debug|x86.ActiveCfg = Debug|x86
		{261B09DE-0F8E-4ABE-AB04-8B1309F9B41F}.Debug|x86.Build.0 = Debug|x86
		{261B09DE-0F8E-4ABE-AB04-8B1309F9B41F}.Debug|x86.Deploy.0 = Debug|x86
		{261B09DE-0F8E-4ABE-AB04-8B1309F9B41F}.Release|ARM64.ActiveCfg = Release|ARM64
		{261B09DE-0F8E-4ABE-AB04-8B1309F9B41F}.Release|ARM64.Build.0 = Release|ARM64
		{261B09DE-0F8E-4ABE-AB04-8B1309F9B41F}.Release|ARM64.Deploy.0 = Release|ARM64
		{261B09DE-0F8E-4ABE-AB04-8B1309F9B41F}.Release|x64.ActiveCfg = Release|x64
		{261B09DE-0F8E-4ABE-AB04-8B1309F9B41F}.Release|x64.Build.0 = Release|x64
		{261B09DE-0F8E-4ABE-AB04-8B1309F9B41F}.Release|x64.Deploy.0 = Release|x64
		{261B09DE-0F8E-4ABE-AB04-8B1309F9B41F}.Release|x86.ActiveCfg = Release|x86
		{261B09DE-0F8E-4ABE-AB04-8B1309F9B41F}.Release|x86.Build.0 = Release|x86
		{261B09DE-0F8E-4ABE-AB04-8B1309F9B41F}.Release|x86.Deploy.0 = Release|x86
	EndGlobalSection
	GlobalSection(SolutionProperties) = preSolution
		HideSolutionNode = FALSE
	EndGlobalSection
	GlobalSection(ExtensibilityGlobals) = postSolution
		SolutionGuid = {61CD7620-A49D-41E6-A0CE-BE286E371D1F}
	EndGlobalSection
EndGlobal
